
Microsoft Visual Studio Solution File, Format Version 12.00
# Visual Studio 15
VisualStudioVersion = 15.0.27130.2027
MinimumVisualStudioVersion = 10.0.40219.1
Project("{FAE04EC0-301F-11D3-BF4B-00C04F79EFBC}") = "TestChek", "TestChek\TestChek.csproj", "{30411478-F025-48C7-A271-835C8537A8E5}"
EndProject
Global
	GlobalSection(SolutionConfigurationPlatforms) = preSolution
		Debug|Any CPU = Debug|Any CPU
		Release|Any CPU = Release|Any CPU
	EndGlobalSection
	GlobalSection(ProjectConfigurationPlatforms) = postSolution
		{30411478-F025-48C7-A271-835C8537A8E5}.Debug|Any CPU.ActiveCfg = Debug|Any CPU
		{30411478-F025-48C7-A271-835C8537A8E5}.Debug|Any CPU.Build.0 = Debug|Any CPU
		{30411478-F025-48C7-A271-835C8537A8E5}.Release|Any CPU.ActiveCfg = Release|Any CPU
		{30411478-F025-48C7-A271-835C8537A8E5}.Release|Any CPU.Build.0 = Release|Any CPU
	EndGlobalSection
	GlobalSection(SolutionProperties) = preSolution
		HideSolutionNode = FALSE
	EndGlobalSection
	GlobalSection(ExtensibilityGlobals) = postSolution
		SolutionGuid = {CE81E776-1E7C-442C-98FD-191CB0C1C6C0}
	EndGlobalSection
EndGlobal
